
Microsoft Visual Studio Solution File, Format Version 12.00
# Visual Studio 15
Project("{FAE04EC0-301F-11D3-BF4B-00C04F79EFBC}") = "VuforiaScripts", "VuforiaScripts.csproj", "{524690A3-55A9-449E-E37A-2CF25C1D98D0}"
EndProject
Project("{FAE04EC0-301F-11D3-BF4B-00C04F79EFBC}") = "Assembly-CSharp", "Assembly-CSharp.csproj", "{F08A1945-E4C4-A3F0-4A55-98E44BBFCF68}"
EndProject
Project("{FAE04EC0-301F-11D3-BF4B-00C04F79EFBC}") = "Assembly-CSharp-firstpass", "Assembly-CSharp-firstpass.csproj", "{C21A8724-DA8F-E785-2530-F90A0952947B}"
EndProject
Project("{FAE04EC0-301F-11D3-BF4B-00C04F79EFBC}") = "Assembly-CSharp-Editor-firstpass", "Assembly-CSharp-Editor-firstpass.csproj", "{D76D1236-E64E-FC95-E8B2-26F1A0A54DD6}"
EndProject
Project("{FAE04EC0-301F-11D3-BF4B-00C04F79EFBC}") = "VuforiaEditorScripts", "VuforiaEditorScripts.csproj", "{DB5768AA-1C89-17E9-4B0F-4B599621EA46}"
EndProject
Global
	GlobalSection(SolutionConfigurationPlatforms) = preSolution
		Debug|Any CPU = Debug|Any CPU
		Release|Any CPU = Release|Any CPU
	EndGlobalSection
	GlobalSection(ProjectConfigurationPlatforms) = postSolution
		{524690A3-55A9-449E-E37A-2CF25C1D98D0}.Debug|Any CPU.ActiveCfg = Debug|Any CPU
		{524690A3-55A9-449E-E37A-2CF25C1D98D0}.Debug|Any CPU.Build.0 = Debug|Any CPU
		{524690A3-55A9-449E-E37A-2CF25C1D98D0}.Release|Any CPU.ActiveCfg = Release|Any CPU
		{524690A3-55A9-449E-E37A-2CF25C1D98D0}.Release|Any CPU.Build.0 = Release|Any CPU
		{F08A1945-E4C4-A3F0-4A55-98E44BBFCF68}.Debug|Any CPU.ActiveCfg = Debug|Any CPU
		{F08A1945-E4C4-A3F0-4A55-98E44BBFCF68}.Debug|Any CPU.Build.0 = Debug|Any CPU
		{F08A1945-E4C4-A3F0-4A55-98E44BBFCF68}.Release|Any CPU.ActiveCfg = Release|Any CPU
		{F08A1945-E4C4-A3F0-4A55-98E44BBFCF68}.Release|Any CPU.Build.0 = Release|Any CPU
		{C21A8724-DA8F-E785-2530-F90A0952947B}.Debug|Any CPU.ActiveCfg = Debug|Any CPU
		{C21A8724-DA8F-E785-2530-F90A0952947B}.Debug|Any CPU.Build.0 = Debug|Any CPU
		{C21A8724-DA8F-E785-2530-F90A0952947B}.Release|Any CPU.ActiveCfg = Release|Any CPU
		{C21A8724-DA8F-E785-2530-F90A0952947B}.Release|Any CPU.Build.0 = Release|Any CPU
		{D76D1236-E64E-FC95-E8B2-26F1A0A54DD6}.Debug|Any CPU.ActiveCfg = Debug|Any CPU
		{D76D1236-E64E-FC95-E8B2-26F1A0A54DD6}.Debug|Any CPU.Build.0 = Debug|Any CPU
		{D76D1236-E64E-FC95-E8B2-26F1A0A54DD6}.Release|Any CPU.ActiveCfg = Release|Any CPU
		{D76D1236-E64E-FC95-E8B2-26F1A0A54DD6}.Release|Any CPU.Build.0 = Release|Any CPU
		{DB5768AA-1C89-17E9-4B0F-4B599621EA46}.Debug|Any CPU.ActiveCfg = Debug|Any CPU
		{DB5768AA-1C89-17E9-4B0F-4B599621EA46}.Debug|Any CPU.Build.0 = Debug|Any CPU
		{DB5768AA-1C89-17E9-4B0F-4B599621EA46}.Release|Any CPU.ActiveCfg = Release|Any CPU
		{DB5768AA-1C89-17E9-4B0F-4B599621EA46}.Release|Any CPU.Build.0 = Release|Any CPU
	EndGlobalSection
	GlobalSection(SolutionProperties) = preSolution
		HideSolutionNode = FALSE
	EndGlobalSection
EndGlobal
